Microsoft Visual Studio Solution File, Format Version 12.00
# Visual Studio Version 17
VisualStudioVersion = 17.13.35507.96
MinimumVisualStudioVersion = 10.0.40219.1
Project("{FAE04EC0-301F-11D3-BF4B-00C04F79EFBC}") = "WorkspaceLauncherForVSCode", "WorkspaceLauncherForVSCode\WorkspaceLauncherForVSCode.csproj", "{DBDA4F4C-D6F6-414C-A521-6B4031F8D15A}"
EndProject
Global
	GlobalSection(SolutionConfigurationPlatforms) = preSolution
		Debug|ARM64 = Debug|ARM64
		Debug|x64 = Debug|x64
		Debug|x86 = Debug|x86
		Release|ARM64 = Release|ARM64
		Release|x64 = Release|x64
		Release|x86 = Release|x86
	EndGlobalSection
	GlobalSection(ProjectConfigurationPlatforms) = postSolution
		{DBDA4F4C-D6F6-414C-A521-6B4031F8D15A}.Debug|ARM64.ActiveCfg = Debug|ARM64
		{DBDA4F4C-D6F6-414C-A521-6B4031F8D15A}.Debug|ARM64.Build.0 = Debug|ARM64
		{DBDA4F4C-D6F6-414C-A521-6B4031F8D15A}.Debug|ARM64.Deploy.0 = Debug|ARM64
		{DBDA4F4C-D6F6-414C-A521-6B4031F8D15A}.Debug|x64.ActiveCfg = Debug|x64
		{DBDA4F4C-D6F6-414C-A521-6B4031F8D15A}.Debug|x64.Build.0 = Debug|x64
		{DBDA4F4C-D6F6-414C-A521-6B4031F8D15A}.Debug|x64.Deploy.0 = Debug|x64
		{DBDA4F4C-D6F6-414C-A521-6B4031F8D15A}.Debug|x86.ActiveCfg = Debug|x86
		{DBDA4F4C-D6F6-414C-A521-6B4031F8D15A}.Debug|x86.Build.0 = Debug|x86
		{DBDA4F4C-D6F6-414C-A521-6B4031F8D15A}.Debug|x86.Deploy.0 = Debug|x86
		{DBDA4F4C-D6F6-414C-A521-6B4031F8D15A}.Release|ARM64.ActiveCfg = Release|ARM64
		{DBDA4F4C-D6F6-414C-A521-6B4031F8D15A}.Release|ARM64.Build.0 = Release|ARM64
		{DBDA4F4C-D6F6-414C-A521-6B4031F8D15A}.Release|ARM64.Deploy.0 = Release|ARM64
		{DBDA4F4C-D6F6-414C-A521-6B4031F8D15A}.Release|x64.ActiveCfg = Release|x64
		{DBDA4F4C-D6F6-414C-A521-6B4031F8D15A}.Release|x64.Build.0 = Release|x64
		{DBDA4F4C-D6F6-414C-A521-6B4031F8D15A}.Release|x64.Deploy.0 = Release|x64
		{DBDA4F4C-D6F6-414C-A521-6B4031F8D15A}.Release|x86.ActiveCfg = Release|x86
		{DBDA4F4C-D6F6-414C-A521-6B4031F8D15A}.Release|x86.Build.0 = Release|x86
		{DBDA4F4C-D6F6-414C-A521-6B4031F8D15A}.Release|x86.Deploy.0 = Release|x86
	EndGlobalSection
	GlobalSection(SolutionProperties) = preSolution
		HideSolutionNode = FALSE
	EndGlobalSection
	GlobalSection(ExtensibilityGlobals) = postSolution
		SolutionGuid = {CEDBC581-5818-4350-BC8A-A1ECE687D357}
	EndGlobalSection
EndGlobal
